// !$*UTF8*$!
{
	archiveVersion = 1;
	classes = {
	};
	objectVersion = 77;
	objects = {

/* Begin PBXBuildFile section */
		E498ADDD2EA1506800F4AF10 /* GoogleSignIn in Frameworks */ = {isa = PBXBuildFile; productRef = E498ADDC2EA1506800F4AF10 /* GoogleSignIn */; };
		E498ADDF2EA1506800F4AF10 /* GoogleSignInSwift in Frameworks */ = {isa = PBXBuildFile; productRef = E498ADDE2EA1506800F4AF10 /* GoogleSignInSwift */; };
/* End PBXBuildFile section */

/* Begin PBXContainerItemProxy section */
		E4A6968D2E89988F00F7813D /* PBXContainerItemProxy */ = {
			isa = PBXContainerItemProxy;
			containerPortal = E4A6966E2E89988D00F7813D /* Project object */;
			proxyType = 1;
			remoteGlobalIDString = E4A696752E89988D00F7813D;
			remoteInfo = quizizo;
		};
		E4A696972E89988F00F7813D /* PBXContainerItemProxy */ = {
			isa = PBXContainerItemProxy;
			containerPortal = E4A6966E2E89988D00F7813D /* Project object */;
			proxyType = 1;
			remoteGlobalIDString = E4A696752E89988D00F7813D;
			remoteInfo = quizizo;
		};
/* End PBXContainerItemProxy section */

/* Begin PBXFileReference section */
		E4A696762E89988D00F7813D /* quizizo.app */ = {isa = PBXFileReference; explicitFileType = wrapper.application; includeInIndex = 0; path = quizizo.app; sourceTree = BUILT_PRODUCTS_DIR; };
		E4A6968C2E89988F00F7813D /* quizizoTests.xctest */ = {isa = PBXFileReference; explicitFileType = wrapper.cfbundle; includeInIndex = 0; path = quizizoTests.xctest; sourceTree = BUILT_PRODUCTS_DIR; };
		E4A696962E89988F00F7813D /* quizizoUITests.xctest */ = {isa = PBXFileReference; explicitFileType = wrapper.cfbundle; includeInIndex = 0; path = quizizoUITests.xctest; sourceTree = BUILT_PRODUCTS_DIR; };
/* End PBXFileReference section */

/* Begin PBXFileSystemSynchronizedBuildFileExceptionSet section */
		E4A6969E2E89988F00F7813D /* Exceptions for "quizizo" folder in "quizizo" target */ = {
			isa = PBXFileSystemSynchronizedBuildFileExceptionSet;
			membershipExceptions = (
				Info.plist,
			);
			target = E4A696752E89988D00F7813D /* quizizo */;
		};
/* End PBXFileSystemSynchronizedBuildFileExceptionSet section */

/* Begin PBXFileSystemSynchronizedRootGroup section */
		E4A696782E89988D00F7813D /* quizizo */ = {
			isa = PBXFileSystemSynchronizedRootGroup;
			exceptions = (
				E4A6969E2E89988F00F7813D /* Exceptions for "quizizo" folder in "quizizo" target */,
			);
			path = quizizo;
			sourceTree = "<group>";
		};
		E4A6968F2E89988F00F7813D /* quizizoTests */ = {
			isa = PBXFileSystemSynchronizedRootGroup;
			path = quizizoTests;
			sourceTree = "<group>";
		};
		E4A696992E89988F00F7813D /* quizizoUITests */ = {
			isa = PBXFileSystemSynchronizedRootGroup;
			path = quizizoUITests;
			sourceTree = "<group>";
		};
/* End PBXFileSystemSynchronizedRootGroup section */

/* Begin PBXFrameworksBuildPhase section */
		E4A696732E89988D00F7813D /* Frameworks */ = {
			isa = PBXFrameworksBuildPhase;
			buildActionMask = 2147483647;
			files = (
				E498ADDD2EA1506800F4AF10 /* GoogleSignIn in Frameworks */,
				E498ADDF2EA1506800F4AF10 /* GoogleSignInSwift in Frameworks */,
			);
			runOnlyForDeploymentPostprocessing = 0;
		};
		E4A696892E89988F00F7813D /* Frameworks */ = {
			isa = PBXFrameworksBuildPhase;
			buildActionMask = 2147483647;
			files = (
			);
			runOnlyForDeploymentPostprocessing = 0;
		};
		E4A696932E89988F00F7813D /* Frameworks */ = {
			isa = PBXFrameworksBuildPhase;
			buildActionMask = 2147483647;
			files = (
			);
			runOnlyForDeploymentPostprocessing = 0;
		};
/* End PBXFrameworksBuildPhase section */

/* Begin PBXGroup section */
		E4A6966D2E89988D00F7813D = {
			isa = PBXGroup;
			children = (
				E4A696782E89988D00F7813D /* quizizo */,
				E4A6968F2E89988F00F7813D /* quizizoTests */,
				E4A696992E89988F00F7813D /* quizizoUITests */,
				E4A696772E89988D00F7813D /* Products */,
			);
			sourceTree = "<group>";
		};
		E4A696772E89988D00F7813D /* Products */ = {
			isa = PBXGroup;
			children = (
				E4A696762E89988D00F7813D /* quizizo.app */,
				E4A6968C2E89988F00F7813D /* quizizoTests.xctest */,
				E4A696962E89988F00F7813D /* quizizoUITests.xctest */,
			);
			name = Products;
			sourceTree = "<group>";
		};
/* End PBXGroup section */

/* Begin PBXNativeTarget section */
		E4A696752E89988D00F7813D /* quizizo */ = {
			isa = PBXNativeTarget;
			buildConfigurationList = E4A6969F2E89988F00F7813D /* Build configuration list for PBXNativeTarget "quizizo" */;
			buildPhases = (
				E4A696722E89988D00F7813D /* Sources */,
				E4A696732E89988D00F7813D /* Frameworks */,
				E4A696742E89988D00F7813D /* Resources */,
			);
			buildRules = (
			);
			dependencies = (
			);
			fileSystemSynchronizedGroups = (
				E4A696782E89988D00F7813D /* quizizo */,
			);
			name = quizizo;
			packageProductDependencies = (
				E498ADDC2EA1506800F4AF10 /* GoogleSignIn */,
				E498ADDE2EA1506800F4AF10 /* GoogleSignInSwift */,
			);
			productName = quizizo;
			productReference = E4A696762E89988D00F7813D /* quizizo.app */;
			productType = "com.apple.product-type.application";
		};
		E4A6968B2E89988F00F7813D /* quizizoTests */ = {
			isa = PBXNativeTarget;
			buildConfigurationList = E4A696A42E89988F00F7813D /* Build configuration list for PBXNativeTarget "quizizoTests" */;
			buildPhases = (
				E4A696882E89988F00F7813D /* Sources */,
				E4A696892E89988F00F7813D /* Frameworks */,
				E4A6968A2E89988F00F7813D /* Resources */,
			);
			buildRules = (
			);
			dependencies = (
				E4A6968E2E89988F00F7813D /* PBXTargetDependency */,
			);
			fileSystemSynchronizedGroups = (
				E4A6968F2E89988F00F7813D /* quizizoTests */,
			);
			name = quizizoTests;
			packageProductDependencies = (
			);
			productName = quizizoTests;
			productReference = E4A6968C2E89988F00F7813D /* quizizoTests.xctest */;
			productType = "com.apple.product-type.bundle.unit-test";
		};
		E4A696952E89988F00F7813D /* quizizoUITests */ = {
			isa = PBXNativeTarget;
			buildConfigurationList = E4A696A72E89988F00F7813D /* Build configuration list for PBXNativeTarget "quizizoUITests" */;
			buildPhases = (
				E4A696922E89988F00F7813D /* Sources */,
				E4A696932E89988F00F7813D /* Frameworks */,
				E4A696942E89988F00F7813D /* Resources */,
			);
			buildRules = (
			);
			dependencies = (
				E4A696982E89988F00F7813D /* PBXTargetDependency */,
			);
			fileSystemSynchronizedGroups = (
				E4A696992E89988F00F7813D /* quizizoUITests */,
			);
			name = quizizoUITests;
			packageProductDependencies = (
			);
			productName = quizizoUITests;
			productReference = E4A696962E89988F00F7813D /* quizizoUITests.xctest */;
			productType = "com.apple.product-type.bundle.ui-testing";
		};
/* End PBXNativeTarget section */

/* Begin PBXProject section */
		E4A6966E2E89988D00F7813D /* Project object */ = {
			isa = PBXProject;
			attributes = {
				BuildIndependentTargetsInParallel = 1;
				LastSwiftUpdateCheck = 1640;
				LastUpgradeCheck = 1640;
				TargetAttributes = {
					E4A696752E89988D00F7813D = {
						CreatedOnToolsVersion = 16.4;
					};
					E4A6968B2E89988F00F7813D = {
						CreatedOnToolsVersion = 16.4;
						TestTargetID = E4A696752E89988D00F7813D;
					};
					E4A696952E89988F00F7813D = {
						CreatedOnToolsVersion = 16.4;
						TestTargetID = E4A696752E89988D00F7813D;
					};
				};
			};
			buildConfigurationList = E4A696712E89988D00F7813D /* Build configuration list for PBXProject "quizizo" */;
			developmentRegion = en;
			hasScannedForEncodings = 0;
			knownRegions = (
				en,
				Base,
			);
			mainGroup = E4A6966D2E89988D00F7813D;
			minimizedProjectReferenceProxies = 1;
			packageReferences = (
				E498ADDB2EA1506800F4AF10 /* XCRemoteSwiftPackageReference "GoogleSignIn-iOS" */,
			);
			preferredProjectObjectVersion = 77;
			productRefGroup = E4A696772E89988D00F7813D /* Products */;
			projectDirPath = "";
			projectRoot = "";
			targets = (
				E4A696752E89988D00F7813D /* quizizo */,
				E4A6968B2E89988F00F7813D /* quizizoTests */,
				E4A696952E89988F00F7813D /* quizizoUITests */,
			);
		};
/* End PBXProject section */

/* Begin PBXResourcesBuildPhase section */
		E4A696742E89988D00F7813D /* Resources */ = {
			isa = PBXResourcesBuildPhase;
			buildActionMask = 2147483647;
			files = (
			);
			runOnlyForDeploymentPostprocessing = 0;
		};
		E4A6968A2E89988F00F7813D /* Resources */ = {
			isa = PBXResourcesBuildPhase;
			buildActionMask = 2147483647;
			files = (
			);
			runOnlyForDeploymentPostprocessing = 0;
		};
		E4A696942E89988F00F7813D /* Resources */ = {
			isa = PBXResourcesBuildPhase;
			buildActionMask = 2147483647;
			files = (
			);
			runOnlyForDeploymentPostprocessing = 0;
		};
/* End PBXResourcesBuildPhase section */

/* Begin PBXSourcesBuildPhase section */
		E4A696722E89988D00F7813D /* Sources */ = {
			isa = PBXSourcesBuildPhase;
			buildActionMask = 2147483647;
			files = (
			);
			runOnlyForDeploymentPostprocessing = 0;
		};
		E4A696882E89988F00F7813D /* Sources */ = {
			isa = PBXSourcesBuildPhase;
			buildActionMask = 2147483647;
			files = (
			);
			runOnlyForDeploymentPostprocessing = 0;
		};
		E4A696922E89988F00F7813D /* Sources */ = {
			isa = PBXSourcesBuildPhase;
			buildActionMask = 2147483647;
			files = (
			);
			runOnlyForDeploymentPostprocessing = 0;
		};
/* End PBXSourcesBuildPhase section */

/* Begin PBXTargetDependency section */
		E4A6968E2E89988F00F7813D /* PBXTargetDependency */ = {
			isa = PBXTargetDependency;
			target = E4A696752E89988D00F7813D /* quizizo */;
			targetProxy = E4A6968D2E89988F00F7813D /* PBXContainerItemProxy */;
		};
		E4A696982E89988F00F7813D /* PBXTargetDependency */ = {
			isa = PBXTargetDependency;
			target = E4A696752E89988D00F7813D /* quizizo */;
			targetProxy = E4A696972E89988F00F7813D /* PBXContainerItemProxy */;
		};
/* End PBXTargetDependency section */

/* Begin XCBuildConfiguration section */
		E4A696A02E89988F00F7813D /* Debug */ = {
			isa = XCBuildConfiguration;
			buildSettings = {
				ASSETCATALOG_COMPILER_APPICON_NAME = AppIcon;
				ASSETCATALOG_COMPILER_GLOBAL_ACCENT_COLOR_NAME = AccentColor;
				CODE_SIGN_ENTITLEMENTS = quizizo/quizizo.entitlements;
				CODE_SIGN_STYLE = Automatic;
				CURRENT_PROJECT_VERSION = 1;
				DEVELOPMENT_TEAM = "";
				GENERATE_INFOPLIST_FILE = YES;
				INFOPLIST_FILE = quizizo/Info.plist;
				INFOPLIST_KEY_UIApplicationSupportsIndirectInputEvents = YES;
				INFOPLIST_KEY_UILaunchStoryboardName = LaunchScreen;
				INFOPLIST_KEY_UIMainStoryboardFile = Main;
				INFOPLIST_KEY_UISupportedInterfaceOrientations_iPad = "UIInterfaceOrientationPortrait UIInterfaceOrientationPortraitUpsideDown UIInterfaceOrientationLandscapeLeft UIInterfaceOrientationLandscapeRight";
				INFOPLIST_KEY_UISupportedInterfaceOrientations_iPhone = "UIInterfaceOrientationPortrait UIInterfaceOrientationLandscapeLeft UIInterfaceOrientationLandscapeRight";
				LD_RUNPATH_SEARCH_PATHS = (
					"$(inherited)",
					"@executable_path/Frameworks",
				);
				MARKETING_VERSION = 1.0;
				PRODUCT_BUNDLE_IDENTIFIER = com.quizizo;
				PRODUCT_NAME = "$(TARGET_NAME)";
				SWIFT_EMIT_LOC_STRINGS = YES;
				SWIFT_VERSION = 5.0;
				TARGETED_DEVICE_FAMILY = "1,2";
			};
			name = Debug;
		};
		E4A696A12E89988F00F7813D /* Release */ = {
			isa = XCBuildConfiguration;
			buildSettings = {
				ASSETCATALOG_COMPILER_APPICON_NAME = AppIcon;
				ASSETCATALOG_COMPILER_GLOBAL_ACCENT_COLOR_NAME = AccentColor;
				CODE_SIGN_ENTITLEMENTS = quizizo/quizizo.entitlements;
				CODE_SIGN_STYLE = Automatic;
				CURRENT_PROJECT_VERSION = 1;
				DEVELOPMENT_TEAM = "";
				GENERATE_INFOPLIST_FILE = YES;
				INFOPLIST_FILE = quizizo/Info.plist;
				INFOPLIST_KEY_UIApplicationSupportsIndirectInputEvents = YES;
				INFOPLIST_KEY_UILaunchStoryboardName = LaunchScreen;
				INFOPLIST_KEY_UIMainStoryboardFile = Main;
				INFOPLIST_KEY_UISupportedInterfaceOrientations_iPad = "UIInterfaceOrientationPortrait UIInterfaceOrientationPortraitUpsideDown UIInterfaceOrientationLandscapeLeft UIInterfaceOrientationLandscapeRight";
				INFOPLIST_KEY_UISupportedInterfaceOrientations_iPhone = "UIInterfaceOrientationPortrait UIInterfaceOrientationLandscapeLeft UIInterfaceOrientationLandscapeRight";
				LD_RUNPATH_SEARCH_PATHS = (
					"$(inherited)",
					"@executable_path/Frameworks",
				);
				MARKETING_VERSION = 1.0;
				PRODUCT_BUNDLE_IDENTIFIER = com.quizizo;
				PRODUCT_NAME = "$(TARGET_NAME)";
				SWIFT_EMIT_LOC_STRINGS = YES;
				SWIFT_VERSION = 5.0;
				TARGETED_DEVICE_FAMILY = "1,2";
			};
			name = Release;
		};
		E4A696A22E89988F00F7813D /* Debug */ = {
			isa = XCBuildConfiguration;
			buildSettings = {
				ALWAYS_SEARCH_USER_PATHS = NO;
				ASSETCATALOG_COMPILER_GENERATE_SWIFT_ASSET_SYMBOL_EXTENSIONS = YES;
				CLANG_ANALYZER_NONNULL = YES;
				CLANG_ANALYZER_NUMBER_OBJECT_CONVERSION = YES_AGGRESSIVE;
				CLANG_CXX_LANGUAGE_STANDARD = "gnu++20";
				CLANG_ENABLE_MODULES = YES;
				CLANG_ENABLE_OBJC_ARC = YES;
				CLANG_ENABLE_OBJC_WEAK = YES;
				CLANG_WARN_BLOCK_CAPTURE_AUTORELEASING = YES;
				CLANG_WARN_BOOL_CONVERSION = YES;
				CLANG_WARN_COMMA = YES;
				CLANG_WARN_CONSTANT_CONVERSION = YES;
				CLANG_WARN_DEPRECATED_OBJC_IMPLEMENTATIONS = YES;
				CLANG_WARN_DIRECT_OBJC_ISA_USAGE = YES_ERROR;
				CLANG_WARN_DOCUMENTATION_COMMENTS = YES;
				CLANG_WARN_EMPTY_BODY = YES;
				CLANG_WARN_ENUM_CONVERSION = YES;
				CLANG_WARN_INFINITE_RECURSION = YES;
				CLANG_WARN_INT_CONVERSION = YES;
				CLANG_WARN_NON_LITERAL_NULL_CONVERSION = YES;
				CLANG_WARN_OBJC_IMPLICIT_RETAIN_SELF = YES;
				CLANG_WARN_OBJC_LITERAL_CONVERSION = YES;
				CLANG_WARN_OBJC_ROOT_CLASS = YES_ERROR;
				CLANG_WARN_QUOTED_INCLUDE_IN_FRAMEWORK_HEADER = YES;
				CLANG_WARN_RANGE_LOOP_ANALYSIS = YES;
				CLANG_WARN_STRICT_PROTOTYPES = YES;
				CLANG_WARN_SUSPICIOUS_MOVE = YES;
				CLANG_WARN_UNGUARDED_AVAILABILITY = YES_AGGRESSIVE;
				CLANG_WARN_UNREACHABLE_CODE = YES;
				CLANG_WARN__DUPLICATE_METHOD_MATCH = YES;
				COPY_PHASE_STRIP = NO;
				DEBUG_INFORMATION_FORMAT = dwarf;
				ENABLE_STRICT_OBJC_MSGSEND = YES;
				ENABLE_TESTABILITY = YES;
				ENABLE_USER_SCRIPT_SANDBOXING = YES;
				GCC_C_LANGUAGE_STANDARD = gnu17;
				GCC_DYNAMIC_NO_PIC = NO;
				GCC_NO_COMMON_BLOCKS = YES;
				GCC_OPTIMIZATION_LEVEL = 0;
				GCC_PREPROCESSOR_DEFINITIONS = (
					"DEBUG=1",
					"$(inherited)",
				);
				GCC_WARN_64_TO_32_BIT_CONVERSION = YES;
				GCC_WARN_ABOUT_RETURN_TYPE = YES_ERROR;
				GCC_WARN_UNDECLARED_SELECTOR = YES;
				GCC_WARN_UNINITIALIZED_AUTOS = YES_AGGRESSIVE;
				GCC_WARN_UNUSED_FUNCTION = YES;
				GCC_WARN_UNUSED_VARIABLE = YES;
				IPHONEOS_DEPLOYMENT_TARGET = 18.5;
				LOCALIZATION_PREFERS_STRING_CATALOGS = YES;
				MTL_ENABLE_DEBUG_INFO = INCLUDE_SOURCE;
				MTL_FAST_MATH = YES;
				ONLY_ACTIVE_ARCH = YES;
				SDKROOT = iphoneos;
				SWIFT_ACTIVE_COMPILATION_CONDITIONS = "DEBUG $(inherited)";
				SWIFT_OPTIMIZATION_LEVEL = "-Onone";
			};
			name = Debug;
		};
		E4A696A32E89988F00F7813D /* Release */ = {
			isa = XCBuildConfiguration;
			buildSettings = {
				ALWAYS_SEARCH_USER_PATHS = NO;
				ASSETCATALOG_COMPILER_GENERATE_SWIFT_ASSET_SYMBOL_EXTENSIONS = YES;
				CLANG_ANALYZER_NONNULL = YES;
				CLANG_ANALYZER_NUMBER_OBJECT_CONVERSION = YES_AGGRESSIVE;
				CLANG_CXX_LANGUAGE_STANDARD = "gnu++20";
				CLANG_ENABLE_MODULES = YES;
				CLANG_ENABLE_OBJC_ARC = YES;
				CLANG_ENABLE_OBJC_WEAK = YES;
				CLANG_WARN_BLOCK_CAPTURE_AUTORELEASING = YES;
				CLANG_WARN_BOOL_CONVERSION = YES;
				CLANG_WARN_COMMA = YES;
				CLANG_WARN_CONSTANT_CONVERSION = YES;
				CLANG_WARN_DEPRECATED_OBJC_IMPLEMENTATIONS = YES;
				CLANG_WARN_DIRECT_OBJC_ISA_USAGE = YES_ERROR;
				CLANG_WARN_DOCUMENTATION_COMMENTS = YES;
				CLANG_WARN_EMPTY_BODY = YES;
				CLANG_WARN_ENUM_CONVERSION = YES;
				CLANG_WARN_INFINITE_RECURSION = YES;
				CLANG_WARN_INT_CONVERSION = YES;
				CLANG_WARN_NON_LITERAL_NULL_CONVERSION = YES;
				CLANG_WARN_OBJC_IMPLICIT_RETAIN_SELF = YES;
				CLANG_WARN_OBJC_LITERAL_CONVERSION = YES;
				CLANG_WARN_OBJC_ROOT_CLASS = YES_ERROR;
				CLANG_WARN_QUOTED_INCLUDE_IN_FRAMEWORK_HEADER = YES;
				CLANG_WARN_RANGE_LOOP_ANALYSIS = YES;
				CLANG_WARN_STRICT_PROTOTYPES = YES;
				CLANG_WARN_SUSPICIOUS_MOVE = YES;
				CLANG_WARN_UNGUARDED_AVAILABILITY = YES_AGGRESSIVE;
				CLANG_WARN_UNREACHABLE_CODE = YES;
				CLANG_WARN__DUPLICATE_METHOD_MATCH = YES;
				COPY_PHASE_STRIP = NO;
				DEBUG_INFORMATION_FORMAT = "dwarf-with-dsym";
				ENABLE_NS_ASSERTIONS = NO;
				ENABLE_STRICT_OBJC_MSGSEND = YES;
				ENABLE_USER_SCRIPT_SANDBOXING = YES;
				GCC_C_LANGUAGE_STANDARD = gnu17;
				GCC_NO_COMMON_BLOCKS = YES;
				GCC_WARN_64_TO_32_BIT_CONVERSION = YES;
				GCC_WARN_ABOUT_RETURN_TYPE = YES_ERROR;
				GCC_WARN_UNDECLARED_SELECTOR = YES;
				GCC_WARN_UNINITIALIZED_AUTOS = YES_AGGRESSIVE;
				GCC_WARN_UNUSED_FUNCTION = YES;
				GCC_WARN_UNUSED_VARIABLE = YES;
				IPHONEOS_DEPLOYMENT_TARGET = 18.5;
				LOCALIZATION_PREFERS_STRING_CATALOGS = YES;
				MTL_ENABLE_DEBUG_INFO = NO;
				MTL_FAST_MATH = YES;
				SDKROOT = iphoneos;
				SWIFT_COMPILATION_MODE = wholemodule;
				VALIDATE_PRODUCT = YES;
			};
			name = Release;
		};
		E4A696A52E89988F00F7813D /* Debug */ = {
			isa = XCBuildConfiguration;
			buildSettings = {
				BUNDLE_LOADER = "$(TEST_HOST)";
				CODE_SIGN_STYLE = Automatic;
				CURRENT_PROJECT_VERSION = 1;
				GENERATE_INFOPLIST_FILE = YES;
				IPHONEOS_DEPLOYMENT_TARGET = 18.5;
				MARKETING_VERSION = 1.0;
				PRODUCT_BUNDLE_IDENTIFIER = com.quizizoTests;
				PRODUCT_NAME = "$(TARGET_NAME)";
				SWIFT_EMIT_LOC_STRINGS = NO;
				SWIFT_VERSION = 5.0;
				TARGETED_DEVICE_FAMILY = "1,2";
				TEST_HOST = "$(BUILT_PRODUCTS_DIR)/quizizo.app/$(BUNDLE_EXECUTABLE_FOLDER_PATH)/quizizo";
			};
			name = Debug;
		};
		E4A696A62E89988F00F7813D /* Release */ = {
			isa = XCBuildConfiguration;
			buildSettings = {
				BUNDLE_LOADER = "$(TEST_HOST)";
				CODE_SIGN_STYLE = Automatic;
				CURRENT_PROJECT_VERSION = 1;
				GENERATE_INFOPLIST_FILE = YES;
				IPHONEOS_DEPLOYMENT_TARGET = 18.5;
				MARKETING_VERSION = 1.0;
				PRODUCT_BUNDLE_IDENTIFIER = com.quizizoTests;
				PRODUCT_NAME = "$(TARGET_NAME)";
				SWIFT_EMIT_LOC_STRINGS = NO;
				SWIFT_VERSION = 5.0;
				TARGETED_DEVICE_FAMILY = "1,2";
				TEST_HOST = "$(BUILT_PRODUCTS_DIR)/quizizo.app/$(BUNDLE_EXECUTABLE_FOLDER_PATH)/quizizo";
			};
			name = Release;
		};
		E4A696A82E89988F00F7813D /* Debug */ = {
			isa = XCBuildConfiguration;
			buildSettings = {
				CODE_SIGN_STYLE = Automatic;
				CURRENT_PROJECT_VERSION = 1;
				GENERATE_INFOPLIST_FILE = YES;
				MARKETING_VERSION = 1.0;
				PRODUCT_BUNDLE_IDENTIFIER = com.quizizoUITests;
				PRODUCT_NAME = "$(TARGET_NAME)";
				SWIFT_EMIT_LOC_STRINGS = NO;
				SWIFT_VERSION = 5.0;
				TARGETED_DEVICE_FAMILY = "1,2";
				TEST_TARGET_NAME = quizizo;
			};
			name = Debug;
		};
		E4A696A92E89988F00F7813D /* Release */ = {
			isa = XCBuildConfiguration;
			buildSettings = {
				CODE_SIGN_STYLE = Automatic;
				CURRENT_PROJECT_VERSION = 1;
				GENERATE_INFOPLIST_FILE = YES;
				MARKETING_VERSION = 1.0;
				PRODUCT_BUNDLE_IDENTIFIER = com.quizizoUITests;
				PRODUCT_NAME = "$(TARGET_NAME)";
				SWIFT_EMIT_LOC_STRINGS = NO;
				SWIFT_VERSION = 5.0;
				TARGETED_DEVICE_FAMILY = "1,2";
				TEST_TARGET_NAME = quizizo;
			};
			name = Release;
		};
/* End XCBuildConfiguration section */

/* Begin XCConfigurationList section */
		E4A696712E89988D00F7813D /* Build configuration list for PBXProject "quizizo" */ = {
			isa = XCConfigurationList;
			buildConfigurations = (
				E4A696A22E89988F00F7813D /* Debug */,
				E4A696A32E89988F00F7813D /* Release */,
			);
			defaultConfigurationIsVisible = 0;
			defaultConfigurationName = Release;
		};
		E4A6969F2E89988F00F7813D /* Build configuration list for PBXNativeTarget "quizizo" */ = {
			isa = XCConfigurationList;
			buildConfigurations = (
				E4A696A02E89988F00F7813D /* Debug */,
				E4A696A12E89988F00F7813D /* Release */,
			);
			defaultConfigurationIsVisible = 0;
			defaultConfigurationName = Release;
		};
		E4A696A42E89988F00F7813D /* Build configuration list for PBXNativeTarget "quizizoTests" */ = {
			isa = XCConfigurationList;
			buildConfigurations = (
				E4A696A52E89988F00F7813D /* Debug */,
				E4A696A62E89988F00F7813D /* Release */,
			);
			defaultConfigurationIsVisible = 0;
			defaultConfigurationName = Release;
		};
		E4A696A72E89988F00F7813D /* Build configuration list for PBXNativeTarget "quizizoUITests" */ = {
			isa = XCConfigurationList;
			buildConfigurations = (
				E4A696A82E89988F00F7813D /* Debug */,
				E4A696A92E89988F00F7813D /* Release */,
			);
			defaultConfigurationIsVisible = 0;
			defaultConfigurationName = Release;
		};
/* End XCConfigurationList section */

/* Begin XCRemoteSwiftPackageReference section */
		E498ADDB2EA1506800F4AF10 /* XCRemoteSwiftPackageReference "GoogleSignIn-iOS" */ = {
			isa = XCRemoteSwiftPackageReference;
			repositoryURL = "https://github.com/google/GoogleSignIn-iOS";
			requirement = {
				kind = upToNextMajorVersion;
				minimumVersion = 9.0.0;
			};
		};
/* End XCRemoteSwiftPackageReference section */

/* Begin XCSwiftPackageProductDependency section */
		E498ADDC2EA1506800F4AF10 /* GoogleSignIn */ = {
			isa = XCSwiftPackageProductDependency;
			package = E498ADDB2EA1506800F4AF10 /* XCRemoteSwiftPackageReference "GoogleSignIn-iOS" */;
			productName = GoogleSignIn;
		};
		E498ADDE2EA1506800F4AF10 /* GoogleSignInSwift */ = {
			isa = XCSwiftPackageProductDependency;
			package = E498ADDB2EA1506800F4AF10 /* XCRemoteSwiftPackageReference "GoogleSignIn-iOS" */;
			productName = GoogleSignInSwift;
		};
/* End XCSwiftPackageProductDependency section */
	};
	rootObject = E4A6966E2E89988D00F7813D /* Project object */;
}
